
Microsoft Visual Studio Solution File, Format Version 12.00
# Visual Studio Version 16
VisualStudioVersion = 16.0.29519.181
MinimumVisualStudioVersion = 10.0.40219.1
Project("{9A19103F-16F7-4668-BE54-9A1E7A4F7556}") = "CryptographyHelper", "CryptographyHelper\CryptographyHelper.csproj", "{04E5C480-68D7-47B9-AE81-80E15C5DCA1F}"
EndProject
Project("{FAE04EC0-301F-11D3-BF4B-00C04F79EFBC}") = "CryptographyHelper.Tests", "CryptographyHelper.Tests\CryptographyHelper.Tests.csproj", "{6F5D50A6-C699-4B62-892B-CBF08DFBF88E}"
EndProject
Global
	GlobalSection(SolutionConfigurationPlatforms) = preSolution
		Debug|Any CPU = Debug|Any CPU
		Release|Any CPU = Release|Any CPU
	EndGlobalSection
	GlobalSection(ProjectConfigurationPlatforms) = postSolution
		{04E5C480-68D7-47B9-AE81-80E15C5DCA1F}.Debug|Any CPU.ActiveCfg = Debug|Any CPU
		{04E5C480-68D7-47B9-AE81-80E15C5DCA1F}.Debug|Any CPU.Build.0 = Debug|Any CPU
		{04E5C480-68D7-47B9-AE81-80E15C5DCA1F}.Release|Any CPU.ActiveCfg = Release|Any CPU
		{04E5C480-68D7-47B9-AE81-80E15C5DCA1F}.Release|Any CPU.Build.0 = Release|Any CPU
		{6F5D50A6-C699-4B62-892B-CBF08DFBF88E}.Debug|Any CPU.ActiveCfg = Debug|Any CPU
		{6F5D50A6-C699-4B62-892B-CBF08DFBF88E}.Debug|Any CPU.Build.0 = Debug|Any CPU
		{6F5D50A6-C699-4B62-892B-CBF08DFBF88E}.Release|Any CPU.ActiveCfg = Release|Any CPU
		{6F5D50A6-C699-4B62-892B-CBF08DFBF88E}.Release|Any CPU.Build.0 = Release|Any CPU
	EndGlobalSection
	GlobalSection(SolutionProperties) = preSolution
		HideSolutionNode = FALSE
	EndGlobalSection
	GlobalSection(ExtensibilityGlobals) = postSolution
		SolutionGuid = {C3D8DBC4-A4D1-425C-BA03-650A833A056D}
	EndGlobalSection
EndGlobal
